// !$*UTF8*$!
{
	archiveVersion = 1;
	classes = {
	};
	objectVersion = 56;
	objects = {

/* Begin PBXBuildFile section */
		9B88AF812C18A7F300BFF7A2 /* 220225.mp3 in Resources */ = {isa = PBXBuildFile; fileRef = 9B88AF7E2C18A7F300BFF7A2 /* 220225.mp3 */; };
		9B88AF822C18A7F300BFF7A2 /* 94256.mp3 in Resources */ = {isa = PBXBuildFile; fileRef = 9B88AF7F2C18A7F300BFF7A2 /* 94256.mp3 */; };
		9B88AF832C18A7F300BFF7A2 /* c54cdd246e29178.mp3 in Resources */ = {isa = PBXBuildFile; fileRef = 9B88AF802C18A7F300BFF7A2 /* c54cdd246e29178.mp3 */; };
		9BC7BE502C134414007E5444 /* AppDelegate.swift in Sources */ = {isa = PBXBuildFile; fileRef = 9BC7BE4F2C134414007E5444 /* AppDelegate.swift */; };
		9BC7BE522C134414007E5444 /* SceneDelegate.swift in Sources */ = {isa = PBXBuildFile; fileRef = 9BC7BE512C134414007E5444 /* SceneDelegate.swift */; };
		9BC7BE572C134414007E5444 /* Main.storyboard in Resources */ = {isa = PBXBuildFile; fileRef = 9BC7BE552C134414007E5444 /* Main.storyboard */; };
		9BC7BE592C134416007E5444 /* Assets.xcassets in Resources */ = {isa = PBXBuildFile; fileRef = 9BC7BE582C134416007E5444 /* Assets.xcassets */; };
		9BC7BE5C2C134416007E5444 /* LaunchScreen.storyboard in Resources */ = {isa = PBXBuildFile; fileRef = 9BC7BE5A2C134416007E5444 /* LaunchScreen.storyboard */; };
		9BC7BE652C135059007E5444 /* TableViewController.swift in Sources */ = {isa = PBXBuildFile; fileRef = 9BC7BE642C135059007E5444 /* TableViewController.swift */; };
		9BC7BE672C1350C1007E5444 /* SoundTrack.swift in Sources */ = {isa = PBXBuildFile; fileRef = 9BC7BE662C1350C1007E5444 /* SoundTrack.swift */; };
/* End PBXBuildFile section */

/* Begin PBXFileReference section */
		9B88AF7E2C18A7F300BFF7A2 /* 220225.mp3 */ = {isa = PBXFileReference; lastKnownFileType = audio.mp3; path = 220225.mp3; sourceTree = "<group>"; };
		9B88AF7F2C18A7F300BFF7A2 /* 94256.mp3 */ = {isa = PBXFileReference; lastKnownFileType = audio.mp3; path = 94256.mp3; sourceTree = "<group>"; };
		9B88AF802C18A7F300BFF7A2 /* c54cdd246e29178.mp3 */ = {isa = PBXFileReference; lastKnownFileType = audio.mp3; path = c54cdd246e29178.mp3; sourceTree = "<group>"; };
		9BC7BE4C2C134414007E5444 /* MyAudioplayer.app */ = {isa = PBXFileReference; explicitFileType = wrapper.application; includeInIndex = 0; path = MyAudioplayer.app; sourceTree = BUILT_PRODUCTS_DIR; };
		9BC7BE4F2C134414007E5444 /* AppDelegate.swift */ = {isa = PBXFileReference; lastKnownFileType = sourcecode.swift; path = AppDelegate.swift; sourceTree = "<group>"; };
		9BC7BE512C134414007E5444 /* SceneDelegate.swift */ = {isa = PBXFileReference; lastKnownFileType = sourcecode.swift; path = SceneDelegate.swift; sourceTree = "<group>"; };
		9BC7BE562C134414007E5444 /* Base */ = {isa = PBXFileReference; lastKnownFileType = file.storyboard; name = Base; path = Base.lproj/Main.storyboard; sourceTree = "<group>"; };
		9BC7BE582C134416007E5444 /* Assets.xcassets */ = {isa = PBXFileReference; lastKnownFileType = folder.assetcatalog; path = Assets.xcassets; sourceTree = "<group>"; };
		9BC7BE5B2C134416007E5444 /* Base */ = {isa = PBXFileReference; lastKnownFileType = file.storyboard; name = Base; path = Base.lproj/LaunchScreen.storyboard; sourceTree = "<group>"; };
		9BC7BE5D2C134416007E5444 /* Info.plist */ = {isa = PBXFileReference; lastKnownFileType = text.plist.xml; path = Info.plist; sourceTree = "<group>"; };
		9BC7BE642C135059007E5444 /* TableViewController.swift */ = {isa = PBXFileReference; lastKnownFileType = sourcecode.swift; path = TableViewController.swift; sourceTree = "<group>"; };
		9BC7BE662C1350C1007E5444 /* SoundTrack.swift */ = {isa = PBXFileReference; lastKnownFileType = sourcecode.swift; path = SoundTrack.swift; sourceTree = "<group>"; };
/* End PBXFileReference section */

/* Begin PBXFrameworksBuildPhase section */
		9BC7BE492C134414007E5444 /* Frameworks */ = {
			isa = PBXFrameworksBuildPhase;
			buildActionMask = 2147483647;
			files = (
			);
			runOnlyForDeploymentPostprocessing = 0;
		};
/* End PBXFrameworksBuildPhase section */

/* Begin PBXGroup section */
		9B88AF772C18A7AA00BFF7A2 /* MSC */ = {
			isa = PBXGroup;
			children = (
			);
			path = MSC;
			sourceTree = "<group>";
		};
		9BC7BE432C134414007E5444 = {
			isa = PBXGroup;
			children = (
				9BC7BE4E2C134414007E5444 /* MyAudioplayer */,
				9B88AF7F2C18A7F300BFF7A2 /* 94256.mp3 */,
				9B88AF7E2C18A7F300BFF7A2 /* 220225.mp3 */,
				9B88AF802C18A7F300BFF7A2 /* c54cdd246e29178.mp3 */,
				9BC7BE4D2C134414007E5444 /* Products */,
			);
			sourceTree = "<group>";
		};
		9BC7BE4D2C134414007E5444 /* Products */ = {
			isa = PBXGroup;
			children = (
				9BC7BE4C2C134414007E5444 /* MyAudioplayer.app */,
			);
			name = Products;
			sourceTree = "<group>";
		};
		9BC7BE4E2C134414007E5444 /* MyAudioplayer */ = {
			isa = PBXGroup;
			children = (
				9BC7BE662C1350C1007E5444 /* SoundTrack.swift */,
				9BC7BE642C135059007E5444 /* TableViewController.swift */,
				9BC7BE4F2C134414007E5444 /* AppDelegate.swift */,
				9BC7BE512C134414007E5444 /* SceneDelegate.swift */,
				9BC7BE552C134414007E5444 /* Main.storyboard */,
				9BC7BE582C134416007E5444 /* Assets.xcassets */,
				9BC7BE5A2C134416007E5444 /* LaunchScreen.storyboard */,
				9BC7BE5D2C134416007E5444 /* Info.plist */,
				9B88AF772C18A7AA00BFF7A2 /* MSC */,
			);
			path = MyAudioplayer;
			sourceTree = "<group>";
		};
/* End PBXGroup section */

/* Begin PBXNativeTarget section */
		9BC7BE4B2C134414007E5444 /* MyAudioplayer */ = {
			isa = PBXNativeTarget;
			buildConfigurationList = 9BC7BE602C134416007E5444 /* Build configuration list for PBXNativeTarget "MyAudioplayer" */;
			buildPhases = (
				9BC7BE482C134414007E5444 /* Sources */,
				9BC7BE492C134414007E5444 /* Frameworks */,
				9BC7BE4A2C134414007E5444 /* Resources */,
			);
			buildRules = (
			);
			dependencies = (
			);
			name = MyAudioplayer;
			productName = MyAudioplayer;
			productReference = 9BC7BE4C2C134414007E5444 /* MyAudioplayer.app */;
			productType = "com.apple.product-type.application";
		};
/* End PBXNativeTarget section */

/* Begin PBXProject section */
		9BC7BE442C134414007E5444 /* Project object */ = {
			isa = PBXProject;
			attributes = {
				BuildIndependentTargetsInParallel = 1;
				LastSwiftUpdateCheck = 1510;
				LastUpgradeCheck = 1510;
				TargetAttributes = {
					9BC7BE4B2C134414007E5444 = {
						CreatedOnToolsVersion = 15.1;
					};
				};
			};
			buildConfigurationList = 9BC7BE472C134414007E5444 /* Build configuration list for PBXProject "MyAudioplayer" */;
			compatibilityVersion = "Xcode 14.0";
			developmentRegion = en;
			hasScannedForEncodings = 0;
			knownRegions = (
				en,
				Base,
			);
			mainGroup = 9BC7BE432C134414007E5444;
			productRefGroup = 9BC7BE4D2C134414007E5444 /* Products */;
			projectDirPath = "";
			projectRoot = "";
			targets = (
				9BC7BE4B2C134414007E5444 /* MyAudioplayer */,
			);
		};
/* End PBXProject section */

/* Begin PBXResourcesBuildPhase section */
		9BC7BE4A2C134414007E5444 /* Resources */ = {
			isa = PBXResourcesBuildPhase;
			buildActionMask = 2147483647;
			files = (
				9BC7BE5C2C134416007E5444 /* LaunchScreen.storyboard in Resources */,
				9B88AF812C18A7F300BFF7A2 /* 220225.mp3 in Resources */,
				9BC7BE592C134416007E5444 /* Assets.xcassets in Resources */,
				9B88AF822C18A7F300BFF7A2 /* 94256.mp3 in Resources */,
				9B88AF832C18A7F300BFF7A2 /* c54cdd246e29178.mp3 in Resources */,
				9BC7BE572C134414007E5444 /* Main.storyboard in Resources */,
			);
			runOnlyForDeploymentPostprocessing = 0;
		};
/* End PBXResourcesBuildPhase section */

/* Begin PBXSourcesBuildPhase section */
		9BC7BE482C134414007E5444 /* Sources */ = {
			isa = PBXSourcesBuildPhase;
			buildActionMask = 2147483647;
			files = (
				9BC7BE502C134414007E5444 /* AppDelegate.swift in Sources */,
				9BC7BE672C1350C1007E5444 /* SoundTrack.swift in Sources */,
				9BC7BE652C135059007E5444 /* TableViewController.swift in Sources */,
				9BC7BE522C134414007E5444 /* SceneDelegate.swift in Sources */,
			);
			runOnlyForDeploymentPostprocessing = 0;
		};
/* End PBXSourcesBuildPhase section */

/* Begin PBXVariantGroup section */
		9BC7BE552C134414007E5444 /* Main.storyboard */ = {
			isa = PBXVariantGroup;
			children = (
				9BC7BE562C134414007E5444 /* Base */,
			);
			name = Main.storyboard;
			sourceTree = "<group>";
		};
		9BC7BE5A2C134416007E5444 /* LaunchScreen.storyboard */ = {
			isa = PBXVariantGroup;
			children = (
				9BC7BE5B2C134416007E5444 /* Base */,
			);
			name = LaunchScreen.storyboard;
			sourceTree = "<group>";
		};
/* End PBXVariantGroup section */

/* Begin XCBuildConfiguration section */
		9BC7BE5E2C134416007E5444 /* Debug */ = {
			isa = XCBuildConfiguration;
			buildSettings = {
				ALWAYS_SEARCH_USER_PATHS = NO;
				ASSETCATALOG_COMPILER_GENERATE_SWIFT_ASSET_SYMBOL_EXTENSIONS = YES;
				CLANG_ANALYZER_NONNULL = YES;
				CLANG_ANALYZER_NUMBER_OBJECT_CONVERSION = YES_AGGRESSIVE;
				CLANG_CXX_LANGUAGE_STANDARD = "gnu++20";
				CLANG_ENABLE_MODULES = YES;
				CLANG_ENABLE_OBJC_ARC = YES;
				CLANG_ENABLE_OBJC_WEAK = YES;
				CLANG_WARN_BLOCK_CAPTURE_AUTORELEASING = YES;
				CLANG_WARN_BOOL_CONVERSION = YES;
				CLANG_WARN_COMMA = YES;
				CLANG_WARN_CONSTANT_CONVERSION = YES;
				CLANG_WARN_DEPRECATED_OBJC_IMPLEMENTATIONS = YES;
				CLANG_WARN_DIRECT_OBJC_ISA_USAGE = YES_ERROR;
				CLANG_WARN_DOCUMENTATION_COMMENTS = YES;
				CLANG_WARN_EMPTY_BODY = YES;
				CLANG_WARN_ENUM_CONVERSION = YES;
				CLANG_WARN_INFINITE_RECURSION = YES;
				CLANG_WARN_INT_CONVERSION = YES;
				CLANG_WARN_NON_LITERAL_NULL_CONVERSION = YES;
				CLANG_WARN_OBJC_IMPLICIT_RETAIN_SELF = YES;
				CLANG_WARN_OBJC_LITERAL_CONVERSION = YES;
				CLANG_WARN_OBJC_ROOT_CLASS = YES_ERROR;
				CLANG_WARN_QUOTED_INCLUDE_IN_FRAMEWORK_HEADER = YES;
				CLANG_WARN_RANGE_LOOP_ANALYSIS = YES;
				CLANG_WARN_STRICT_PROTOTYPES = YES;
				CLANG_WARN_SUSPICIOUS_MOVE = YES;
				CLANG_WARN_UNGUARDED_AVAILABILITY = YES_AGGRESSIVE;
				CLANG_WARN_UNREACHABLE_CODE = YES;
				CLANG_WARN__DUPLICATE_METHOD_MATCH = YES;
				COPY_PHASE_STRIP = NO;
				DEBUG_INFORMATION_FORMAT = dwarf;
				ENABLE_STRICT_OBJC_MSGSEND = YES;
				ENABLE_TESTABILITY = YES;
				ENABLE_USER_SCRIPT_SANDBOXING = YES;
				GCC_C_LANGUAGE_STANDARD = gnu17;
				GCC_DYNAMIC_NO_PIC = NO;
				GCC_NO_COMMON_BLOCKS = YES;
				GCC_OPTIMIZATION_LEVEL = 0;
				GCC_PREPROCESSOR_DEFINITIONS = (
					"DEBUG=1",
					"$(inherited)",
				);
				GCC_WARN_64_TO_32_BIT_CONVERSION = YES;
				GCC_WARN_ABOUT_RETURN_TYPE = YES_ERROR;
				GCC_WARN_UNDECLARED_SELECTOR = YES;
				GCC_WARN_UNINITIALIZED_AUTOS = YES_AGGRESSIVE;
				GCC_WARN_UNUSED_FUNCTION = YES;
				GCC_WARN_UNUSED_VARIABLE = YES;
				IPHONEOS_DEPLOYMENT_TARGET = 17.2;
				LOCALIZATION_PREFERS_STRING_CATALOGS = YES;
				MTL_ENABLE_DEBUG_INFO = INCLUDE_SOURCE;
				MTL_FAST_MATH = YES;
				ONLY_ACTIVE_ARCH = YES;
				SDKROOT = iphoneos;
				SWIFT_ACTIVE_COMPILATION_CONDITIONS = "DEBUG $(inherited)";
				SWIFT_OPTIMIZATION_LEVEL = "-Onone";
			};
			name = Debug;
		};
		9BC7BE5F2C134416007E5444 /* Release */ = {
			isa = XCBuildConfiguration;
			buildSettings = {
				ALWAYS_SEARCH_USER_PATHS = NO;
				ASSETCATALOG_COMPILER_GENERATE_SWIFT_ASSET_SYMBOL_EXTENSIONS = YES;
				CLANG_ANALYZER_NONNULL = YES;
				CLANG_ANALYZER_NUMBER_OBJECT_CONVERSION = YES_AGGRESSIVE;
				CLANG_CXX_LANGUAGE_STANDARD = "gnu++20";
				CLANG_ENABLE_MODULES = YES;
				CLANG_ENABLE_OBJC_ARC = YES;
				CLANG_ENABLE_OBJC_WEAK = YES;
				CLANG_WARN_BLOCK_CAPTURE_AUTORELEASING = YES;
				CLANG_WARN_BOOL_CONVERSION = YES;
				CLANG_WARN_COMMA = YES;
				CLANG_WARN_CONSTANT_CONVERSION = YES;
				CLANG_WARN_DEPRECATED_OBJC_IMPLEMENTATIONS = YES;
				CLANG_WARN_DIRECT_OBJC_ISA_USAGE = YES_ERROR;
				CLANG_WARN_DOCUMENTATION_COMMENTS = YES;
				CLANG_WARN_EMPTY_BODY = YES;
				CLANG_WARN_ENUM_CONVERSION = YES;
				CLANG_WARN_INFINITE_RECURSION = YES;
				CLANG_WARN_INT_CONVERSION = YES;
				CLANG_WARN_NON_LITERAL_NULL_CONVERSION = YES;
				CLANG_WARN_OBJC_IMPLICIT_RETAIN_SELF = YES;
				CLANG_WARN_OBJC_LITERAL_CONVERSION = YES;
				CLANG_WARN_OBJC_ROOT_CLASS = YES_ERROR;
				CLANG_WARN_QUOTED_INCLUDE_IN_FRAMEWORK_HEADER = YES;
				CLANG_WARN_RANGE_LOOP_ANALYSIS = YES;
				CLANG_WARN_STRICT_PROTOTYPES = YES;
				CLANG_WARN_SUSPICIOUS_MOVE = YES;
				CLANG_WARN_UNGUARDED_AVAILABILITY = YES_AGGRESSIVE;
				CLANG_WARN_UNREACHABLE_CODE = YES;
				CLANG_WARN__DUPLICATE_METHOD_MATCH = YES;
				COPY_PHASE_STRIP = NO;
				DEBUG_INFORMATION_FORMAT = "dwarf-with-dsym";
				ENABLE_NS_ASSERTIONS = NO;
				ENABLE_STRICT_OBJC_MSGSEND = YES;
				ENABLE_USER_SCRIPT_SANDBOXING = YES;
				GCC_C_LANGUAGE_STANDARD = gnu17;
				GCC_NO_COMMON_BLOCKS = YES;
				GCC_WARN_64_TO_32_BIT_CONVERSION = YES;
				GCC_WARN_ABOUT_RETURN_TYPE = YES_ERROR;
				GCC_WARN_UNDECLARED_SELECTOR = YES;
				GCC_WARN_UNINITIALIZED_AUTOS = YES_AGGRESSIVE;
				GCC_WARN_UNUSED_FUNCTION = YES;
				GCC_WARN_UNUSED_VARIABLE = YES;
				IPHONEOS_DEPLOYMENT_TARGET = 17.2;
				LOCALIZATION_PREFERS_STRING_CATALOGS = YES;
				MTL_ENABLE_DEBUG_INFO = NO;
				MTL_FAST_MATH = YES;
				SDKROOT = iphoneos;
				SWIFT_COMPILATION_MODE = wholemodule;
				VALIDATE_PRODUCT = YES;
			};
			name = Release;
		};
		9BC7BE612C134416007E5444 /* Debug */ = {
			isa = XCBuildConfiguration;
			buildSettings = {
				ASSETCATALOG_COMPILER_APPICON_NAME = AppIcon;
				ASSETCATALOG_COMPILER_GLOBAL_ACCENT_COLOR_NAME = AccentColor;
				CODE_SIGN_STYLE = Automatic;
				CURRENT_PROJECT_VERSION = 1;
				GENERATE_INFOPLIST_FILE = YES;
				INFOPLIST_FILE = MyAudioplayer/Info.plist;
				INFOPLIST_KEY_UIApplicationSupportsIndirectInputEvents = YES;
				INFOPLIST_KEY_UILaunchStoryboardName = LaunchScreen;
				INFOPLIST_KEY_UIMainStoryboardFile = Main;
				INFOPLIST_KEY_UIStatusBarStyle = "";
				INFOPLIST_KEY_UISupportedInterfaceOrientations_iPad = "UIInterfaceOrientationPortrait UIInterfaceOrientationPortraitUpsideDown UIInterfaceOrientationLandscapeLeft UIInterfaceOrientationLandscapeRight";
				INFOPLIST_KEY_UISupportedInterfaceOrientations_iPhone = "UIInterfaceOrientationPortrait UIInterfaceOrientationLandscapeLeft UIInterfaceOrientationLandscapeRight";
				LD_RUNPATH_SEARCH_PATHS = (
					"$(inherited)",
					"@executable_path/Frameworks",
				);
				MARKETING_VERSION = 1.0;
				PRODUCT_BUNDLE_IDENTIFIER = "-.MyAudioplayer";
				PRODUCT_NAME = "$(TARGET_NAME)";
				SWIFT_EMIT_LOC_STRINGS = YES;
				SWIFT_VERSION = 5.0;
				TARGETED_DEVICE_FAMILY = "1,2";
			};
			name = Debug;
		};
		9BC7BE622C134416007E5444 /* Release */ = {
			isa = XCBuildConfiguration;
			buildSettings = {
				ASSETCATALOG_COMPILER_APPICON_NAME = AppIcon;
				ASSETCATALOG_COMPILER_GLOBAL_ACCENT_COLOR_NAME = AccentColor;
				CODE_SIGN_STYLE = Automatic;
				CURRENT_PROJECT_VERSION = 1;
				GENERATE_INFOPLIST_FILE = YES;
				INFOPLIST_FILE = MyAudioplayer/Info.plist;
				INFOPLIST_KEY_UIApplicationSupportsIndirectInputEvents = YES;
				INFOPLIST_KEY_UILaunchStoryboardName = LaunchScreen;
				INFOPLIST_KEY_UIMainStoryboardFile = Main;
				INFOPLIST_KEY_UIStatusBarStyle = "";
				INFOPLIST_KEY_UISupportedInterfaceOrientations_iPad = "UIInterfaceOrientationPortrait UIInterfaceOrientationPortraitUpsideDown UIInterfaceOrientationLandscapeLeft UIInterfaceOrientationLandscapeRight";
				INFOPLIST_KEY_UISupportedInterfaceOrientations_iPhone = "UIInterfaceOrientationPortrait UIInterfaceOrientationLandscapeLeft UIInterfaceOrientationLandscapeRight";
				LD_RUNPATH_SEARCH_PATHS = (
					"$(inherited)",
					"@executable_path/Frameworks",
				);
				MARKETING_VERSION = 1.0;
				PRODUCT_BUNDLE_IDENTIFIER = "-.MyAudioplayer";
				PRODUCT_NAME = "$(TARGET_NAME)";
				SWIFT_EMIT_LOC_STRINGS = YES;
				SWIFT_VERSION = 5.0;
				TARGETED_DEVICE_FAMILY = "1,2";
			};
			name = Release;
		};
/* End XCBuildConfiguration section */

/* Begin XCConfigurationList section */
		9BC7BE472C134414007E5444 /* Build configuration list for PBXProject "MyAudioplayer" */ = {
			isa = XCConfigurationList;
			buildConfigurations = (
				9BC7BE5E2C134416007E5444 /* Debug */,
				9BC7BE5F2C134416007E5444 /* Release */,
			);
			defaultConfigurationIsVisible = 0;
			defaultConfigurationName = Release;
		};
		9BC7BE602C134416007E5444 /* Build configuration list for PBXNativeTarget "MyAudioplayer" */ = {
			isa = XCConfigurationList;
			buildConfigurations = (
				9BC7BE612C134416007E5444 /* Debug */,
				9BC7BE622C134416007E5444 /* Release */,
			);
			defaultConfigurationIsVisible = 0;
			defaultConfigurationName = Release;
		};
/* End XCConfigurationList section */
	};
	rootObject = 9BC7BE442C134414007E5444 /* Project object */;
}
